
Microsoft Visual Studio Solution File, Format Version 12.00
# Visual Studio Version 16
VisualStudioVersion = 16.0.30011.22
MinimumVisualStudioVersion = 10.0.40219.1
Project("{FAE04EC0-301F-11D3-BF4B-00C04F79EFBC}") = "Lab 5", "Lab 5\Lab 5.csproj", "{95B25656-E446-461D-9976-F101B4581EEE}"
EndProject
Global
	GlobalSection(SolutionConfigurationPlatforms) = preSolution
		Debug|Any CPU = Debug|Any CPU
		Release|Any CPU = Release|Any CPU
	EndGlobalSection
	GlobalSection(ProjectConfigurationPlatforms) = postSolution
		{95B25656-E446-461D-9976-F101B4581EEE}.Debug|Any CPU.ActiveCfg = Debug|Any CPU
		{95B25656-E446-461D-9976-F101B4581EEE}.Debug|Any CPU.Build.0 = Debug|Any CPU
		{95B25656-E446-461D-9976-F101B4581EEE}.Release|Any CPU.ActiveCfg = Release|Any CPU
		{95B25656-E446-461D-9976-F101B4581EEE}.Release|Any CPU.Build.0 = Release|Any CPU
	EndGlobalSection
	GlobalSection(SolutionProperties) = preSolution
		HideSolutionNode = FALSE
	EndGlobalSection
	GlobalSection(ExtensibilityGlobals) = postSolution
		SolutionGuid = {6D56CD41-5B6E-4382-9F4A-CBF7EDDE37DC}
	EndGlobalSection
EndGlobal
