
Microsoft Visual Studio Solution File, Format Version 12.00
Project("{FAE04EC0-301F-11D3-BF4B-00C04F79EFBC}") = "ChainOfResponsobility", "ChainOfResponsobility\ChainOfResponsobility.csproj", "{E835CD13-77EE-4675-8C6E-2540EFD4B021}"
EndProject
Global
	GlobalSection(SolutionConfigurationPlatforms) = preSolution
		Debug|Any CPU = Debug|Any CPU
		Release|Any CPU = Release|Any CPU
	EndGlobalSection
	GlobalSection(ProjectConfigurationPlatforms) = postSolution
		{E835CD13-77EE-4675-8C6E-2540EFD4B021}.Debug|Any CPU.ActiveCfg = Debug|Any CPU
		{E835CD13-77EE-4675-8C6E-2540EFD4B021}.Debug|Any CPU.Build.0 = Debug|Any CPU
		{E835CD13-77EE-4675-8C6E-2540EFD4B021}.Release|Any CPU.ActiveCfg = Release|Any CPU
		{E835CD13-77EE-4675-8C6E-2540EFD4B021}.Release|Any CPU.Build.0 = Release|Any CPU
	EndGlobalSection
EndGlobal
