
Microsoft Visual Studio Solution File, Format Version 12.00
Project("{FAE04EC0-301F-11D3-BF4B-00C04F79EFBC}") = "ChainOfResponsobility", "ChainOfResponsobility\ChainOfResponsobility.csproj", "{271DF911-DFB9-4365-905F-88B771A5DF57}"
EndProject
Global
	GlobalSection(SolutionConfigurationPlatforms) = preSolution
		Debug|Any CPU = Debug|Any CPU
		Release|Any CPU = Release|Any CPU
	EndGlobalSection
	GlobalSection(ProjectConfigurationPlatforms) = postSolution
		{271DF911-DFB9-4365-905F-88B771A5DF57}.Debug|Any CPU.ActiveCfg = Debug|Any CPU
		{271DF911-DFB9-4365-905F-88B771A5DF57}.Debug|Any CPU.Build.0 = Debug|Any CPU
		{271DF911-DFB9-4365-905F-88B771A5DF57}.Release|Any CPU.ActiveCfg = Release|Any CPU
		{271DF911-DFB9-4365-905F-88B771A5DF57}.Release|Any CPU.Build.0 = Release|Any CPU
	EndGlobalSection
EndGlobal
