
Microsoft Visual Studio Solution File, Format Version 12.00
Project("{FAE04EC0-301F-11D3-BF4B-00C04F79EFBC}") = "State", "State\State.csproj", "{1C88A2FE-823F-43DF-BC2A-A7041F0FD154}"
EndProject
Global
	GlobalSection(SolutionConfigurationPlatforms) = preSolution
		Debug|Any CPU = Debug|Any CPU
		Release|Any CPU = Release|Any CPU
	EndGlobalSection
	GlobalSection(ProjectConfigurationPlatforms) = postSolution
		{1C88A2FE-823F-43DF-BC2A-A7041F0FD154}.Debug|Any CPU.ActiveCfg = Debug|Any CPU
		{1C88A2FE-823F-43DF-BC2A-A7041F0FD154}.Debug|Any CPU.Build.0 = Debug|Any CPU
		{1C88A2FE-823F-43DF-BC2A-A7041F0FD154}.Release|Any CPU.ActiveCfg = Release|Any CPU
		{1C88A2FE-823F-43DF-BC2A-A7041F0FD154}.Release|Any CPU.Build.0 = Release|Any CPU
	EndGlobalSection
EndGlobal
