
Microsoft Visual Studio Solution File, Format Version 12.00
# Visual Studio Version 16
VisualStudioVersion = 16.0.30611.23
MinimumVisualStudioVersion = 10.0.40219.1
Project("{FAE04EC0-301F-11D3-BF4B-00C04F79EFBC}") = "FactoryMEthod", "FactoryMEthod\FactoryMEthod.csproj", "{870D5467-F2AD-47DE-BDA6-8DB61FC88883}"
EndProject
Global
	GlobalSection(SolutionConfigurationPlatforms) = preSolution
		Debug|Any CPU = Debug|Any CPU
		Release|Any CPU = Release|Any CPU
	EndGlobalSection
	GlobalSection(ProjectConfigurationPlatforms) = postSolution
		{870D5467-F2AD-47DE-BDA6-8DB61FC88883}.Debug|Any CPU.ActiveCfg = Debug|Any CPU
		{870D5467-F2AD-47DE-BDA6-8DB61FC88883}.Debug|Any CPU.Build.0 = Debug|Any CPU
		{870D5467-F2AD-47DE-BDA6-8DB61FC88883}.Release|Any CPU.ActiveCfg = Release|Any CPU
		{870D5467-F2AD-47DE-BDA6-8DB61FC88883}.Release|Any CPU.Build.0 = Release|Any CPU
	EndGlobalSection
	GlobalSection(SolutionProperties) = preSolution
		HideSolutionNode = FALSE
	EndGlobalSection
	GlobalSection(ExtensibilityGlobals) = postSolution
		SolutionGuid = {C2E7825D-F45D-4015-8E2C-D08C5C082891}
	EndGlobalSection
EndGlobal
